<?xml version="1.0" encoding="UTF-8" standalone="yes" ?>
<CodeBlocks_project_file>
	<FileVersion major="1" minor="6" />
	<Project>
		<Option title="sinus" />
		<Option makefile_is_custom="1" />
		<Option pch_mode="2" />
		<Option compiler="armelfgcc" />
		<Option virtualFolders="Test/;" />
		<MakeCommands>
			<Build command="make" />
			<CompileFile command="$make -f $makefile $file" />
			<Clean command="$make -f $makefile clean" />
			<DistClean command="$make -f $makefile distclean$target" />
			<AskRebuildNeeded command="$make -q -f $makefile $target" />
			<SilentBuild command="$make -s -f $makefile $target" />
		</MakeCommands>
		<Build>
			<Target title="Rev 1 Board">
				<Option output="stm32_sineHWCONFIG_REV1" prefix_auto="0" extension_auto="0" />
				<Option object_output="obj/Release/" />
				<Option type="1" />
				<Option compiler="armelfgcc" />
				<MakeCommands>
					<Build command="HWCONFIG=HWCONFIG_REV1 make" />
					<CompileFile command="HWCONFIG=HWCONFIG_REV1 $make -f  $file" />
					<Clean command="make clean" />
					<DistClean command="$make -f $makefile distclean$target" />
					<AskRebuildNeeded command="$make -q" />
					<SilentBuild command="HWCONFIG=HWCONFIG_REV1 make &gt; $(CMD_NULL)" />
				</MakeCommands>
			</Target>
			<Target title="Test">
				<Option output="test/test_sine" prefix_auto="1" extension_auto="1" />
				<Option working_dir="test" />
				<Option type="1" />
				<Option compiler="gcc" />
				<Option use_console_runner="0" />
			</Target>
			<Target title="Rev 2 Board">
				<Option output="stm32_sineHWCONFIG_REV2" prefix_auto="0" extension_auto="0" />
				<Option object_output="obj/Release/" />
				<Option type="1" />
				<Option compiler="armelfgcc" />
				<MakeCommands>
					<Build command="HWCONFIG=HWCONFIG_REV2 make" />
					<CompileFile command="HWCONFIG=HWCONFIG_REV2 $make -f  $file" />
					<Clean command="make clean" />
					<DistClean command="$make -f $makefile distclean$target" />
					<AskRebuildNeeded command="$make -q" />
					<SilentBuild command="HWCONFIG=HWCONFIG_REV2 make &gt; $(CMD_NULL)" />
				</MakeCommands>
			</Target>
			<Target title="Tesla Board">
				<Option output="stm32_sineHWCONFIG_TESLA" prefix_auto="0" extension_auto="0" />
				<Option object_output="obj/Release/" />
				<Option type="1" />
				<Option compiler="armelfgcc" />
				<MakeCommands>
					<Build command="HWCONFIG=HWCONFIG_TESLA make" />
					<CompileFile command="HWCONFIG=HWCONFIG_TESLA $make -f  $file" />
					<Clean command="make clean" />
					<DistClean command="$make -f $makefile distclean$target" />
					<AskRebuildNeeded command="$make -q" />
					<SilentBuild command="HWCONFIG=HWCONFIG_TESLA make &gt; $(CMD_NULL)" />
				</MakeCommands>
			</Target>
		</Build>
		<Unit filename="Makefile">
			<Option target="Rev 1 Board" />
			<Option target="Rev 2 Board" />
			<Option target="Tesla Board" />
		</Unit>
		<Unit filename="anain.cpp">
			<Option target="Rev 1 Board" />
			<Option target="Rev 2 Board" />
			<Option target="Tesla Board" />
		</Unit>
		<Unit filename="anain.h">
			<Option target="Rev 1 Board" />
			<Option target="Rev 2 Board" />
			<Option target="Tesla Board" />
		</Unit>
		<Unit filename="anain_prj.h">
			<Option target="Rev 1 Board" />
			<Option target="Rev 2 Board" />
			<Option target="Tesla Board" />
		</Unit>
		<Unit filename="digio.cpp">
			<Option compilerVar="CC" />
			<Option target="Rev 1 Board" />
			<Option target="Rev 2 Board" />
			<Option target="Tesla Board" />
		</Unit>
		<Unit filename="digio.h">
			<Option target="&lt;{~None~}&gt;" />
		</Unit>
		<Unit filename="digio_prj.h">
			<Option target="&lt;{~None~}&gt;" />
		</Unit>
		<Unit filename="errormessage.cpp" />
		<Unit filename="errormessage.h" />
		<Unit filename="errormessage_prj.h" />
		<Unit filename="foc.cpp">
			<Option target="Rev 1 Board" />
			<Option target="Rev 2 Board" />
			<Option target="Tesla Board" />
		</Unit>
		<Unit filename="foc.h">
			<Option target="Rev 1 Board" />
			<Option target="Rev 2 Board" />
			<Option target="Tesla Board" />
		</Unit>
		<Unit filename="fu.cpp">
			<Option compilerVar="CC" />
			<Option target="Rev 1 Board" />
			<Option target="Rev 2 Board" />
			<Option target="Tesla Board" />
		</Unit>
		<Unit filename="fu.h">
			<Option target="Rev 1 Board" />
			<Option target="Rev 2 Board" />
			<Option target="Tesla Board" />
		</Unit>
		<Unit filename="hwdefs.h">
			<Option target="Rev 1 Board" />
			<Option target="Rev 2 Board" />
			<Option target="Tesla Board" />
		</Unit>
		<Unit filename="hwinit.cpp">
			<Option compilerVar="CC" />
			<Option target="Rev 1 Board" />
			<Option target="Rev 2 Board" />
			<Option target="Tesla Board" />
		</Unit>
		<Unit filename="hwinit.h">
			<Option target="Rev 1 Board" />
			<Option target="Rev 2 Board" />
			<Option target="Tesla Board" />
		</Unit>
		<Unit filename="inc_encoder.cpp">
			<Option target="Rev 1 Board" />
			<Option target="Rev 2 Board" />
			<Option target="Tesla Board" />
		</Unit>
		<Unit filename="inc_encoder.h">
			<Option target="Rev 1 Board" />
			<Option target="Rev 2 Board" />
			<Option target="Tesla Board" />
		</Unit>
		<Unit filename="my_fp.c">
			<Option compilerVar="CC" />
			<Option target="Rev 1 Board" />
			<Option target="Rev 2 Board" />
			<Option target="Tesla Board" />
		</Unit>
		<Unit filename="my_fp.h">
			<Option target="Rev 1 Board" />
			<Option target="Rev 2 Board" />
			<Option target="Tesla Board" />
		</Unit>
		<Unit filename="my_math.h">
			<Option target="Rev 1 Board" />
			<Option target="Rev 2 Board" />
			<Option target="Tesla Board" />
		</Unit>
		<Unit filename="my_string.c">
			<Option compilerVar="CC" />
			<Option target="Rev 1 Board" />
			<Option target="Rev 2 Board" />
			<Option target="Tesla Board" />
		</Unit>
		<Unit filename="my_string.h">
			<Option target="Rev 1 Board" />
			<Option target="Rev 2 Board" />
			<Option target="Tesla Board" />
		</Unit>
		<Unit filename="param_prj.h">
			<Option target="Rev 1 Board" />
			<Option target="Rev 2 Board" />
			<Option target="Tesla Board" />
		</Unit>
		<Unit filename="param_save.cpp">
			<Option target="Rev 1 Board" />
			<Option target="Rev 2 Board" />
			<Option target="Tesla Board" />
		</Unit>
		<Unit filename="param_save.h">
			<Option target="Rev 1 Board" />
			<Option target="Rev 2 Board" />
			<Option target="Tesla Board" />
		</Unit>
		<Unit filename="params.cpp" />
		<Unit filename="params.h">
			<Option target="Rev 1 Board" />
			<Option target="Rev 2 Board" />
			<Option target="Tesla Board" />
		</Unit>
		<Unit filename="printf.c">
			<Option compilerVar="CC" />
			<Option target="Rev 1 Board" />
			<Option target="Rev 2 Board" />
			<Option target="Tesla Board" />
		</Unit>
		<Unit filename="printf.h">
			<Option target="Rev 1 Board" />
			<Option target="Rev 2 Board" />
			<Option target="Tesla Board" />
		</Unit>
		<Unit filename="pwmgeneration.cpp" />
		<Unit filename="pwmgeneration.h" />
		<Unit filename="sine_core.cpp">
			<Option target="Rev 1 Board" />
			<Option target="Rev 2 Board" />
			<Option target="Tesla Board" />
		</Unit>
		<Unit filename="sine_core.h">
			<Option target="Rev 1 Board" />
			<Option target="Rev 2 Board" />
			<Option target="Tesla Board" />
		</Unit>
		<Unit filename="stm32_can.cpp">
			<Option target="Rev 1 Board" />
			<Option target="Rev 2 Board" />
			<Option target="Tesla Board" />
		</Unit>
		<Unit filename="stm32_can.h" />
		<Unit filename="stm32_sine.cpp">
			<Option target="Rev 1 Board" />
			<Option target="Rev 2 Board" />
			<Option target="Tesla Board" />
		</Unit>
		<Unit filename="stm32_sine.ld">
			<Option target="Rev 1 Board" />
			<Option target="Rev 2 Board" />
			<Option target="Tesla Board" />
		</Unit>
		<Unit filename="stm32_timsched.c">
			<Option compilerVar="CC" />
			<Option target="Rev 1 Board" />
			<Option target="Rev 2 Board" />
			<Option target="Tesla Board" />
		</Unit>
		<Unit filename="stm32_timsched.h">
			<Option target="Rev 1 Board" />
			<Option target="Rev 2 Board" />
			<Option target="Tesla Board" />
		</Unit>
		<Unit filename="temp_meas.cpp">
			<Option target="Rev 1 Board" />
			<Option target="Rev 2 Board" />
			<Option target="Tesla Board" />
		</Unit>
		<Unit filename="temp_meas.h">
			<Option target="Rev 1 Board" />
			<Option target="Rev 2 Board" />
			<Option target="Tesla Board" />
		</Unit>
		<Unit filename="terminal.c">
			<Option compilerVar="CC" />
			<Option target="Rev 1 Board" />
			<Option target="Rev 2 Board" />
			<Option target="Tesla Board" />
		</Unit>
		<Unit filename="terminal.h">
			<Option target="Rev 1 Board" />
			<Option target="Rev 2 Board" />
			<Option target="Tesla Board" />
		</Unit>
		<Unit filename="terminal_prj.cpp" />
		<Unit filename="test/Makefile">
			<Option target="Test" />
		</Unit>
		<Unit filename="test/test.h">
			<Option target="Test" />
		</Unit>
		<Unit filename="test/test_fp.cpp">
			<Option target="Test" />
		</Unit>
		<Unit filename="test/test_fu.cpp">
			<Option target="Test" />
		</Unit>
		<Unit filename="test/test_list.h">
			<Option target="Test" />
		</Unit>
		<Unit filename="test/test_main.cpp">
			<Option target="Test" />
		</Unit>
		<Unit filename="throttle.cpp" />
		<Unit filename="throttle.h" />
		<Extensions>
			<code_completion />
			<debugger>
				<remote_debugging target="Rev 1 Board">
					<options conn_type="0" serial_baud="115200" ip_address="localhost" ip_port="3333" />
				</remote_debugging>
				<remote_debugging target="Tesla Board">
					<options conn_type="0" serial_baud="115200" ip_address="localhost" ip_port="3333" />
				</remote_debugging>
				<remote_debugging target="Rev 2 Board">
					<options conn_type="0" serial_baud="115200" ip_address="localhost" ip_port="3333" />
				</remote_debugging>
			</debugger>
			<envvars />
			<DoxyBlocks>
				<comment_style block="0" line="0" />
				<doxyfile_project />
				<doxyfile_build />
				<doxyfile_warnings />
				<doxyfile_output />
				<doxyfile_dot class_diagrams="1" have_dot="1" />
				<general />
			</DoxyBlocks>
		</Extensions>
	</Project>
</CodeBlocks_project_file>
